
Microsoft Visual Studio Solution File, Format Version 12.00
# Visual Studio Version 16
VisualStudioVersion = 16.0.30225.117
MinimumVisualStudioVersion = 10.0.40219.1
Project("{9A19103F-16F7-4668-BE54-9A1E7A4F7556}") = "Volo.Opcua.Server.Api", "Volo.Opcua.Server.Api\Volo.Opcua.Server.Api.csproj", "{665062BA-646C-48A2-9FF9-5A822855AC3B}"
EndProject
Project("{9A19103F-16F7-4668-BE54-9A1E7A4F7556}") = "Volo.Opcua.Server", "Volo.Opcua.Server\Volo.Opcua.Server.csproj", "{49FB0D67-2FD6-4FF4-B69F-DDC9367A09B1}"
EndProject
Global
	GlobalSection(SolutionConfigurationPlatforms) = preSolution
		Debug|Any CPU = Debug|Any CPU
		Release|Any CPU = Release|Any CPU
	EndGlobalSection
	GlobalSection(ProjectConfigurationPlatforms) = postSolution
		{665062BA-646C-48A2-9FF9-5A822855AC3B}.Debug|Any CPU.ActiveCfg = Debug|Any CPU
		{665062BA-646C-48A2-9FF9-5A822855AC3B}.Debug|Any CPU.Build.0 = Debug|Any CPU
		{665062BA-646C-48A2-9FF9-5A822855AC3B}.Release|Any CPU.ActiveCfg = Release|Any CPU
		{665062BA-646C-48A2-9FF9-5A822855AC3B}.Release|Any CPU.Build.0 = Release|Any CPU
		{49FB0D67-2FD6-4FF4-B69F-DDC9367A09B1}.Debug|Any CPU.ActiveCfg = Debug|Any CPU
		{49FB0D67-2FD6-4FF4-B69F-DDC9367A09B1}.Debug|Any CPU.Build.0 = Debug|Any CPU
		{49FB0D67-2FD6-4FF4-B69F-DDC9367A09B1}.Release|Any CPU.ActiveCfg = Release|Any CPU
		{49FB0D67-2FD6-4FF4-B69F-DDC9367A09B1}.Release|Any CPU.Build.0 = Release|Any CPU
	EndGlobalSection
	GlobalSection(SolutionProperties) = preSolution
		HideSolutionNode = FALSE
	EndGlobalSection
	GlobalSection(ExtensibilityGlobals) = postSolution
		SolutionGuid = {D2B36F54-B54E-4FA0-9C48-9E70ACFBE543}
	EndGlobalSection
EndGlobal
